// !$*UTF8*$!
{
	archiveVersion = 1;
	classes = {
	};
	objectVersion = 56;
	objects = {

/* Begin PBXBuildFile section */
		42832D502B13DC4500475F33 /* MoonviewApp.swift in Sources */ = {isa = PBXBuildFile; fileRef = 42832D4F2B13DC4500475F33 /* MoonviewApp.swift */; };
		42832D542B13DC4700475F33 /* Assets.xcassets in Resources */ = {isa = PBXBuildFile; fileRef = 42832D532B13DC4700475F33 /* Assets.xcassets */; };
		42832D572B13DC4700475F33 /* Preview Assets.xcassets in Resources */ = {isa = PBXBuildFile; fileRef = 42832D562B13DC4700475F33 /* Preview Assets.xcassets */; };
		42832D742B13DDAA00475F33 /* ContentView.swift in Sources */ = {isa = PBXBuildFile; fileRef = 42832D732B13DDAA00475F33 /* ContentView.swift */; };
		42832D772B13DEB300475F33 /* missions.json in Resources */ = {isa = PBXBuildFile; fileRef = 42832D752B13DEB300475F33 /* missions.json */; };
		42832D782B13DEB300475F33 /* astronauts.json in Resources */ = {isa = PBXBuildFile; fileRef = 42832D762B13DEB300475F33 /* astronauts.json */; };
		42832D7A2B13DECF00475F33 /* MissionView.swift in Sources */ = {isa = PBXBuildFile; fileRef = 42832D792B13DECF00475F33 /* MissionView.swift */; };
		42832D7C2B13DEE700475F33 /* Seperators.swift in Sources */ = {isa = PBXBuildFile; fileRef = 42832D7B2B13DEE700475F33 /* Seperators.swift */; };
		42832D7E2B13DF0100475F33 /* AstronautView.swift in Sources */ = {isa = PBXBuildFile; fileRef = 42832D7D2B13DF0100475F33 /* AstronautView.swift */; };
		42832D802B13DF2500475F33 /* Colour-theme.swift in Sources */ = {isa = PBXBuildFile; fileRef = 42832D7F2B13DF2500475F33 /* Colour-theme.swift */; };
		42832D822B13DF3900475F33 /* Mission.swift in Sources */ = {isa = PBXBuildFile; fileRef = 42832D812B13DF3900475F33 /* Mission.swift */; };
		42832D842B13DF6300475F33 /* Astronaut.swift in Sources */ = {isa = PBXBuildFile; fileRef = 42832D832B13DF6300475F33 /* Astronaut.swift */; };
		42832D862B13DF7700475F33 /* Bundle.Decodable.swift in Sources */ = {isa = PBXBuildFile; fileRef = 42832D852B13DF7700475F33 /* Bundle.Decodable.swift */; };
/* End PBXBuildFile section */

/* Begin PBXFileReference section */
		42832D4C2B13DC4500475F33 /* Moonview.app */ = {isa = PBXFileReference; explicitFileType = wrapper.application; includeInIndex = 0; path = Moonview.app; sourceTree = BUILT_PRODUCTS_DIR; };
		42832D4F2B13DC4500475F33 /* MoonviewApp.swift */ = {isa = PBXFileReference; lastKnownFileType = sourcecode.swift; path = MoonviewApp.swift; sourceTree = "<group>"; };
		42832D532B13DC4700475F33 /* Assets.xcassets */ = {isa = PBXFileReference; lastKnownFileType = folder.assetcatalog; path = Assets.xcassets; sourceTree = "<group>"; };
		42832D562B13DC4700475F33 /* Preview Assets.xcassets */ = {isa = PBXFileReference; lastKnownFileType = folder.assetcatalog; path = "Preview Assets.xcassets"; sourceTree = "<group>"; };
		42832D732B13DDAA00475F33 /* ContentView.swift */ = {isa = PBXFileReference; lastKnownFileType = sourcecode.swift; path = ContentView.swift; sourceTree = "<group>"; };
		42832D752B13DEB300475F33 /* missions.json */ = {isa = PBXFileReference; fileEncoding = 4; lastKnownFileType = text.json; path = missions.json; sourceTree = "<group>"; };
		42832D762B13DEB300475F33 /* astronauts.json */ = {isa = PBXFileReference; fileEncoding = 4; lastKnownFileType = text.json; path = astronauts.json; sourceTree = "<group>"; };
		42832D792B13DECF00475F33 /* MissionView.swift */ = {isa = PBXFileReference; lastKnownFileType = sourcecode.swift; path = MissionView.swift; sourceTree = "<group>"; };
		42832D7B2B13DEE700475F33 /* Seperators.swift */ = {isa = PBXFileReference; lastKnownFileType = sourcecode.swift; path = Seperators.swift; sourceTree = "<group>"; };
		42832D7D2B13DF0100475F33 /* AstronautView.swift */ = {isa = PBXFileReference; lastKnownFileType = sourcecode.swift; path = AstronautView.swift; sourceTree = "<group>"; };
		42832D7F2B13DF2500475F33 /* Colour-theme.swift */ = {isa = PBXFileReference; lastKnownFileType = sourcecode.swift; path = "Colour-theme.swift"; sourceTree = "<group>"; };
		42832D812B13DF3900475F33 /* Mission.swift */ = {isa = PBXFileReference; lastKnownFileType = sourcecode.swift; path = Mission.swift; sourceTree = "<group>"; };
		42832D832B13DF6300475F33 /* Astronaut.swift */ = {isa = PBXFileReference; lastKnownFileType = sourcecode.swift; path = Astronaut.swift; sourceTree = "<group>"; };
		42832D852B13DF7700475F33 /* Bundle.Decodable.swift */ = {isa = PBXFileReference; lastKnownFileType = sourcecode.swift; path = Bundle.Decodable.swift; sourceTree = "<group>"; };
/* End PBXFileReference section */

/* Begin PBXFrameworksBuildPhase section */
		42832D492B13DC4500475F33 /* Frameworks */ = {
			isa = PBXFrameworksBuildPhase;
			buildActionMask = 2147483647;
			files = (
			);
			runOnlyForDeploymentPostprocessing = 0;
		};
/* End PBXFrameworksBuildPhase section */

/* Begin PBXGroup section */
		42832D432B13DC4500475F33 = {
			isa = PBXGroup;
			children = (
				42832D4E2B13DC4500475F33 /* Moonview */,
				42832D4D2B13DC4500475F33 /* Products */,
			);
			sourceTree = "<group>";
		};
		42832D4D2B13DC4500475F33 /* Products */ = {
			isa = PBXGroup;
			children = (
				42832D4C2B13DC4500475F33 /* Moonview.app */,
			);
			name = Products;
			sourceTree = "<group>";
		};
		42832D4E2B13DC4500475F33 /* Moonview */ = {
			isa = PBXGroup;
			children = (
				42832D4F2B13DC4500475F33 /* MoonviewApp.swift */,
				42832D732B13DDAA00475F33 /* ContentView.swift */,
				42832D792B13DECF00475F33 /* MissionView.swift */,
				42832D7B2B13DEE700475F33 /* Seperators.swift */,
				42832D7D2B13DF0100475F33 /* AstronautView.swift */,
				42832D7F2B13DF2500475F33 /* Colour-theme.swift */,
				42832D812B13DF3900475F33 /* Mission.swift */,
				42832D832B13DF6300475F33 /* Astronaut.swift */,
				42832D762B13DEB300475F33 /* astronauts.json */,
				42832D752B13DEB300475F33 /* missions.json */,
				42832D532B13DC4700475F33 /* Assets.xcassets */,
				42832D852B13DF7700475F33 /* Bundle.Decodable.swift */,
				42832D552B13DC4700475F33 /* Preview Content */,
			);
			path = Moonview;
			sourceTree = "<group>";
		};
		42832D552B13DC4700475F33 /* Preview Content */ = {
			isa = PBXGroup;
			children = (
				42832D562B13DC4700475F33 /* Preview Assets.xcassets */,
			);
			path = "Preview Content";
			sourceTree = "<group>";
		};
/* End PBXGroup section */

/* Begin PBXNativeTarget section */
		42832D4B2B13DC4500475F33 /* Moonview */ = {
			isa = PBXNativeTarget;
			buildConfigurationList = 42832D5A2B13DC4700475F33 /* Build configuration list for PBXNativeTarget "Moonview" */;
			buildPhases = (
				42832D482B13DC4500475F33 /* Sources */,
				42832D492B13DC4500475F33 /* Frameworks */,
				42832D4A2B13DC4500475F33 /* Resources */,
			);
			buildRules = (
			);
			dependencies = (
			);
			name = Moonview;
			productName = Moonview;
			productReference = 42832D4C2B13DC4500475F33 /* Moonview.app */;
			productType = "com.apple.product-type.application";
		};
/* End PBXNativeTarget section */

/* Begin PBXProject section */
		42832D442B13DC4500475F33 /* Project object */ = {
			isa = PBXProject;
			attributes = {
				BuildIndependentTargetsInParallel = 1;
				LastSwiftUpdateCheck = 1500;
				LastUpgradeCheck = 1500;
				TargetAttributes = {
					42832D4B2B13DC4500475F33 = {
						CreatedOnToolsVersion = 15.0.1;
					};
				};
			};
			buildConfigurationList = 42832D472B13DC4500475F33 /* Build configuration list for PBXProject "Moonview" */;
			compatibilityVersion = "Xcode 14.0";
			developmentRegion = en;
			hasScannedForEncodings = 0;
			knownRegions = (
				en,
				Base,
			);
			mainGroup = 42832D432B13DC4500475F33;
			productRefGroup = 42832D4D2B13DC4500475F33 /* Products */;
			projectDirPath = "";
			projectRoot = "";
			targets = (
				42832D4B2B13DC4500475F33 /* Moonview */,
			);
		};
/* End PBXProject section */

/* Begin PBXResourcesBuildPhase section */
		42832D4A2B13DC4500475F33 /* Resources */ = {
			isa = PBXResourcesBuildPhase;
			buildActionMask = 2147483647;
			files = (
				42832D572B13DC4700475F33 /* Preview Assets.xcassets in Resources */,
				42832D772B13DEB300475F33 /* missions.json in Resources */,
				42832D542B13DC4700475F33 /* Assets.xcassets in Resources */,
				42832D782B13DEB300475F33 /* astronauts.json in Resources */,
			);
			runOnlyForDeploymentPostprocessing = 0;
		};
/* End PBXResourcesBuildPhase section */

/* Begin PBXSourcesBuildPhase section */
		42832D482B13DC4500475F33 /* Sources */ = {
			isa = PBXSourcesBuildPhase;
			buildActionMask = 2147483647;
			files = (
				42832D742B13DDAA00475F33 /* ContentView.swift in Sources */,
				42832D802B13DF2500475F33 /* Colour-theme.swift in Sources */,
				42832D502B13DC4500475F33 /* MoonviewApp.swift in Sources */,
				42832D842B13DF6300475F33 /* Astronaut.swift in Sources */,
				42832D862B13DF7700475F33 /* Bundle.Decodable.swift in Sources */,
				42832D7A2B13DECF00475F33 /* MissionView.swift in Sources */,
				42832D7C2B13DEE700475F33 /* Seperators.swift in Sources */,
				42832D822B13DF3900475F33 /* Mission.swift in Sources */,
				42832D7E2B13DF0100475F33 /* AstronautView.swift in Sources */,
			);
			runOnlyForDeploymentPostprocessing = 0;
		};
/* End PBXSourcesBuildPhase section */

/* Begin XCBuildConfiguration section */
		42832D582B13DC4700475F33 /* Debug */ = {
			isa = XCBuildConfiguration;
			buildSettings = {
				ALWAYS_SEARCH_USER_PATHS = NO;
				ASSETCATALOG_COMPILER_GENERATE_SWIFT_ASSET_SYMBOL_EXTENSIONS = YES;
				CLANG_ANALYZER_NONNULL = YES;
				CLANG_ANALYZER_NUMBER_OBJECT_CONVERSION = YES_AGGRESSIVE;
				CLANG_CXX_LANGUAGE_STANDARD = "gnu++20";
				CLANG_ENABLE_MODULES = YES;
				CLANG_ENABLE_OBJC_ARC = YES;
				CLANG_ENABLE_OBJC_WEAK = YES;
				CLANG_WARN_BLOCK_CAPTURE_AUTORELEASING = YES;
				CLANG_WARN_BOOL_CONVERSION = YES;
				CLANG_WARN_COMMA = YES;
				CLANG_WARN_CONSTANT_CONVERSION = YES;
				CLANG_WARN_DEPRECATED_OBJC_IMPLEMENTATIONS = YES;
				CLANG_WARN_DIRECT_OBJC_ISA_USAGE = YES_ERROR;
				CLANG_WARN_DOCUMENTATION_COMMENTS = YES;
				CLANG_WARN_EMPTY_BODY = YES;
				CLANG_WARN_ENUM_CONVERSION = YES;
				CLANG_WARN_INFINITE_RECURSION = YES;
				CLANG_WARN_INT_CONVERSION = YES;
				CLANG_WARN_NON_LITERAL_NULL_CONVERSION = YES;
				CLANG_WARN_OBJC_IMPLICIT_RETAIN_SELF = YES;
				CLANG_WARN_OBJC_LITERAL_CONVERSION = YES;
				CLANG_WARN_OBJC_ROOT_CLASS = YES_ERROR;
				CLANG_WARN_QUOTED_INCLUDE_IN_FRAMEWORK_HEADER = YES;
				CLANG_WARN_RANGE_LOOP_ANALYSIS = YES;
				CLANG_WARN_STRICT_PROTOTYPES = YES;
				CLANG_WARN_SUSPICIOUS_MOVE = YES;
				CLANG_WARN_UNGUARDED_AVAILABILITY = YES_AGGRESSIVE;
				CLANG_WARN_UNREACHABLE_CODE = YES;
				CLANG_WARN__DUPLICATE_METHOD_MATCH = YES;
				COPY_PHASE_STRIP = NO;
				DEBUG_INFORMATION_FORMAT = dwarf;
				ENABLE_STRICT_OBJC_MSGSEND = YES;
				ENABLE_TESTABILITY = YES;
				ENABLE_USER_SCRIPT_SANDBOXING = YES;
				GCC_C_LANGUAGE_STANDARD = gnu17;
				GCC_DYNAMIC_NO_PIC = NO;
				GCC_NO_COMMON_BLOCKS = YES;
				GCC_OPTIMIZATION_LEVEL = 0;
				GCC_PREPROCESSOR_DEFINITIONS = (
					"DEBUG=1",
					"$(inherited)",
				);
				GCC_WARN_64_TO_32_BIT_CONVERSION = YES;
				GCC_WARN_ABOUT_RETURN_TYPE = YES_ERROR;
				GCC_WARN_UNDECLARED_SELECTOR = YES;
				GCC_WARN_UNINITIALIZED_AUTOS = YES_AGGRESSIVE;
				GCC_WARN_UNUSED_FUNCTION = YES;
				GCC_WARN_UNUSED_VARIABLE = YES;
				IPHONEOS_DEPLOYMENT_TARGET = 17.0;
				LOCALIZATION_PREFERS_STRING_CATALOGS = YES;
				MTL_ENABLE_DEBUG_INFO = INCLUDE_SOURCE;
				MTL_FAST_MATH = YES;
				ONLY_ACTIVE_ARCH = YES;
				SDKROOT = iphoneos;
				SWIFT_ACTIVE_COMPILATION_CONDITIONS = "DEBUG $(inherited)";
				SWIFT_OPTIMIZATION_LEVEL = "-Onone";
			};
			name = Debug;
		};
		42832D592B13DC4700475F33 /* Release */ = {
			isa = XCBuildConfiguration;
			buildSettings = {
				ALWAYS_SEARCH_USER_PATHS = NO;
				ASSETCATALOG_COMPILER_GENERATE_SWIFT_ASSET_SYMBOL_EXTENSIONS = YES;
				CLANG_ANALYZER_NONNULL = YES;
				CLANG_ANALYZER_NUMBER_OBJECT_CONVERSION = YES_AGGRESSIVE;
				CLANG_CXX_LANGUAGE_STANDARD = "gnu++20";
				CLANG_ENABLE_MODULES = YES;
				CLANG_ENABLE_OBJC_ARC = YES;
				CLANG_ENABLE_OBJC_WEAK = YES;
				CLANG_WARN_BLOCK_CAPTURE_AUTORELEASING = YES;
				CLANG_WARN_BOOL_CONVERSION = YES;
				CLANG_WARN_COMMA = YES;
				CLANG_WARN_CONSTANT_CONVERSION = YES;
				CLANG_WARN_DEPRECATED_OBJC_IMPLEMENTATIONS = YES;
				CLANG_WARN_DIRECT_OBJC_ISA_USAGE = YES_ERROR;
				CLANG_WARN_DOCUMENTATION_COMMENTS = YES;
				CLANG_WARN_EMPTY_BODY = YES;
				CLANG_WARN_ENUM_CONVERSION = YES;
				CLANG_WARN_INFINITE_RECURSION = YES;
				CLANG_WARN_INT_CONVERSION = YES;
				CLANG_WARN_NON_LITERAL_NULL_CONVERSION = YES;
				CLANG_WARN_OBJC_IMPLICIT_RETAIN_SELF = YES;
				CLANG_WARN_OBJC_LITERAL_CONVERSION = YES;
				CLANG_WARN_OBJC_ROOT_CLASS = YES_ERROR;
				CLANG_WARN_QUOTED_INCLUDE_IN_FRAMEWORK_HEADER = YES;
				CLANG_WARN_RANGE_LOOP_ANALYSIS = YES;
				CLANG_WARN_STRICT_PROTOTYPES = YES;
				CLANG_WARN_SUSPICIOUS_MOVE = YES;
				CLANG_WARN_UNGUARDED_AVAILABILITY = YES_AGGRESSIVE;
				CLANG_WARN_UNREACHABLE_CODE = YES;
				CLANG_WARN__DUPLICATE_METHOD_MATCH = YES;
				COPY_PHASE_STRIP = NO;
				DEBUG_INFORMATION_FORMAT = "dwarf-with-dsym";
				ENABLE_NS_ASSERTIONS = NO;
				ENABLE_STRICT_OBJC_MSGSEND = YES;
				ENABLE_USER_SCRIPT_SANDBOXING = YES;
				GCC_C_LANGUAGE_STANDARD = gnu17;
				GCC_NO_COMMON_BLOCKS = YES;
				GCC_WARN_64_TO_32_BIT_CONVERSION = YES;
				GCC_WARN_ABOUT_RETURN_TYPE = YES_ERROR;
				GCC_WARN_UNDECLARED_SELECTOR = YES;
				GCC_WARN_UNINITIALIZED_AUTOS = YES_AGGRESSIVE;
				GCC_WARN_UNUSED_FUNCTION = YES;
				GCC_WARN_UNUSED_VARIABLE = YES;
				IPHONEOS_DEPLOYMENT_TARGET = 17.0;
				LOCALIZATION_PREFERS_STRING_CATALOGS = YES;
				MTL_ENABLE_DEBUG_INFO = NO;
				MTL_FAST_MATH = YES;
				SDKROOT = iphoneos;
				SWIFT_COMPILATION_MODE = wholemodule;
				VALIDATE_PRODUCT = YES;
			};
			name = Release;
		};
		42832D5B2B13DC4700475F33 /* Debug */ = {
			isa = XCBuildConfiguration;
			buildSettings = {
				ASSETCATALOG_COMPILER_APPICON_NAME = AppIcon;
				ASSETCATALOG_COMPILER_GLOBAL_ACCENT_COLOR_NAME = AccentColor;
				CODE_SIGN_STYLE = Automatic;
				CURRENT_PROJECT_VERSION = 1;
				DEVELOPMENT_ASSET_PATHS = "\"Moonview/Preview Content\"";
				ENABLE_PREVIEWS = YES;
				GENERATE_INFOPLIST_FILE = YES;
				INFOPLIST_KEY_UIApplicationSceneManifest_Generation = YES;
				INFOPLIST_KEY_UIApplicationSupportsIndirectInputEvents = YES;
				INFOPLIST_KEY_UILaunchScreen_Generation = YES;
				INFOPLIST_KEY_UISupportedInterfaceOrientations_iPad = "UIInterfaceOrientationPortrait UIInterfaceOrientationPortraitUpsideDown UIInterfaceOrientationLandscapeLeft UIInterfaceOrientationLandscapeRight";
				INFOPLIST_KEY_UISupportedInterfaceOrientations_iPhone = "UIInterfaceOrientationPortrait UIInterfaceOrientationLandscapeLeft UIInterfaceOrientationLandscapeRight";
				LD_RUNPATH_SEARCH_PATHS = (
					"$(inherited)",
					"@executable_path/Frameworks",
				);
				MARKETING_VERSION = 1.0;
				PRODUCT_BUNDLE_IDENTIFIER = me.mohanakumar.brashan.Moonview;
				PRODUCT_NAME = "$(TARGET_NAME)";
				SWIFT_EMIT_LOC_STRINGS = YES;
				SWIFT_VERSION = 5.0;
				TARGETED_DEVICE_FAMILY = "1,2";
			};
			name = Debug;
		};
		42832D5C2B13DC4700475F33 /* Release */ = {
			isa = XCBuildConfiguration;
			buildSettings = {
				ASSETCATALOG_COMPILER_APPICON_NAME = AppIcon;
				ASSETCATALOG_COMPILER_GLOBAL_ACCENT_COLOR_NAME = AccentColor;
				CODE_SIGN_STYLE = Automatic;
				CURRENT_PROJECT_VERSION = 1;
				DEVELOPMENT_ASSET_PATHS = "\"Moonview/Preview Content\"";
				ENABLE_PREVIEWS = YES;
				GENERATE_INFOPLIST_FILE = YES;
				INFOPLIST_KEY_UIApplicationSceneManifest_Generation = YES;
				INFOPLIST_KEY_UIApplicationSupportsIndirectInputEvents = YES;
				INFOPLIST_KEY_UILaunchScreen_Generation = YES;
				INFOPLIST_KEY_UISupportedInterfaceOrientations_iPad = "UIInterfaceOrientationPortrait UIInterfaceOrientationPortraitUpsideDown UIInterfaceOrientationLandscapeLeft UIInterfaceOrientationLandscapeRight";
				INFOPLIST_KEY_UISupportedInterfaceOrientations_iPhone = "UIInterfaceOrientationPortrait UIInterfaceOrientationLandscapeLeft UIInterfaceOrientationLandscapeRight";
				LD_RUNPATH_SEARCH_PATHS = (
					"$(inherited)",
					"@executable_path/Frameworks",
				);
				MARKETING_VERSION = 1.0;
				PRODUCT_BUNDLE_IDENTIFIER = me.mohanakumar.brashan.Moonview;
				PRODUCT_NAME = "$(TARGET_NAME)";
				SWIFT_EMIT_LOC_STRINGS = YES;
				SWIFT_VERSION = 5.0;
				TARGETED_DEVICE_FAMILY = "1,2";
			};
			name = Release;
		};
/* End XCBuildConfiguration section */

/* Begin XCConfigurationList section */
		42832D472B13DC4500475F33 /* Build configuration list for PBXProject "Moonview" */ = {
			isa = XCConfigurationList;
			buildConfigurations = (
				42832D582B13DC4700475F33 /* Debug */,
				42832D592B13DC4700475F33 /* Release */,
			);
			defaultConfigurationIsVisible = 0;
			defaultConfigurationName = Release;
		};
		42832D5A2B13DC4700475F33 /* Build configuration list for PBXNativeTarget "Moonview" */ = {
			isa = XCConfigurationList;
			buildConfigurations = (
				42832D5B2B13DC4700475F33 /* Debug */,
				42832D5C2B13DC4700475F33 /* Release */,
			);
			defaultConfigurationIsVisible = 0;
			defaultConfigurationName = Release;
		};
/* End XCConfigurationList section */
	};
	rootObject = 42832D442B13DC4500475F33 /* Project object */;
}
